
Microsoft Visual Studio Solution File, Format Version 12.00
# Visual Studio Version 16
VisualStudioVersion = 16.0.28606.126
MinimumVisualStudioVersion = 10.0.40219.1
Project("{9A19103F-16F7-4668-BE54-9A1E7A4F7556}") = "EntityMappingDB", "EntityMappingDB\EntityMappingDB.csproj", "{605DA8F0-97A6-4874-9BA6-1EDFEE443FE7}"
EndProject
Project("{FAE04EC0-301F-11D3-BF4B-00C04F79EFBC}") = "ConsoleApp1", "ConsoleApp1\ConsoleApp1.csproj", "{FF5DAB64-5676-4D3D-8F85-D2553FDB8A9A}"
EndProject
Project("{FAE04EC0-301F-11D3-BF4B-00C04F79EFBC}") = "EntityMappingDBCore", "EntityMappingDBCore\EntityMappingDBCore.csproj", "{7F19DD07-544A-4FF9-BC44-14CD91DD4B8B}"
EndProject
Global
	GlobalSection(SolutionConfigurationPlatforms) = preSolution
		Debug|Any CPU = Debug|Any CPU
		Release|Any CPU = Release|Any CPU
	EndGlobalSection
	GlobalSection(ProjectConfigurationPlatforms) = postSolution
		{605DA8F0-97A6-4874-9BA6-1EDFEE443FE7}.Debug|Any CPU.ActiveCfg = Debug|Any CPU
		{605DA8F0-97A6-4874-9BA6-1EDFEE443FE7}.Debug|Any CPU.Build.0 = Debug|Any CPU
		{605DA8F0-97A6-4874-9BA6-1EDFEE443FE7}.Release|Any CPU.ActiveCfg = Release|Any CPU
		{605DA8F0-97A6-4874-9BA6-1EDFEE443FE7}.Release|Any CPU.Build.0 = Release|Any CPU
		{FF5DAB64-5676-4D3D-8F85-D2553FDB8A9A}.Debug|Any CPU.ActiveCfg = Debug|Any CPU
		{FF5DAB64-5676-4D3D-8F85-D2553FDB8A9A}.Debug|Any CPU.Build.0 = Debug|Any CPU
		{FF5DAB64-5676-4D3D-8F85-D2553FDB8A9A}.Release|Any CPU.ActiveCfg = Release|Any CPU
		{FF5DAB64-5676-4D3D-8F85-D2553FDB8A9A}.Release|Any CPU.Build.0 = Release|Any CPU
		{7F19DD07-544A-4FF9-BC44-14CD91DD4B8B}.Debug|Any CPU.ActiveCfg = Debug|Any CPU
		{7F19DD07-544A-4FF9-BC44-14CD91DD4B8B}.Debug|Any CPU.Build.0 = Debug|Any CPU
		{7F19DD07-544A-4FF9-BC44-14CD91DD4B8B}.Release|Any CPU.ActiveCfg = Release|Any CPU
		{7F19DD07-544A-4FF9-BC44-14CD91DD4B8B}.Release|Any CPU.Build.0 = Release|Any CPU
	EndGlobalSection
	GlobalSection(SolutionProperties) = preSolution
		HideSolutionNode = FALSE
	EndGlobalSection
	GlobalSection(ExtensibilityGlobals) = postSolution
		SolutionGuid = {14902688-22A9-4ECB-B7D5-EEA00748BB21}
	EndGlobalSection
EndGlobal
