
Microsoft Visual Studio Solution File, Format Version 12.00
# Visual Studio Version 16
VisualStudioVersion = 16.0.28606.126
MinimumVisualStudioVersion = 10.0.40219.1
Project("{9A19103F-16F7-4668-BE54-9A1E7A4F7556}") = "ConsoleApp1", "ConsoleApp1\ConsoleApp1.csproj", "{C3C5CBD9-4A52-47ED-8BC2-9F99D9D3ED2C}"
EndProject
Project("{FAE04EC0-301F-11D3-BF4B-00C04F79EFBC}") = "EntityMappingDBEmit", "EntityMappingDB\EntityMappingDBEmit.csproj", "{605DA8F0-97A6-4874-9BA6-1EDFEE443FE7}"
EndProject
Project("{FAE04EC0-301F-11D3-BF4B-00C04F79EFBC}") = "ConsoleApp2", "ConsoleApp2\ConsoleApp2.csproj", "{8757B0C7-EE2C-497A-9B36-07A5B44389E1}"
EndProject
Global
	GlobalSection(SolutionConfigurationPlatforms) = preSolution
		Debug|Any CPU = Debug|Any CPU
		Release|Any CPU = Release|Any CPU
	EndGlobalSection
	GlobalSection(ProjectConfigurationPlatforms) = postSolution
		{C3C5CBD9-4A52-47ED-8BC2-9F99D9D3ED2C}.Debug|Any CPU.ActiveCfg = Debug|Any CPU
		{C3C5CBD9-4A52-47ED-8BC2-9F99D9D3ED2C}.Debug|Any CPU.Build.0 = Debug|Any CPU
		{C3C5CBD9-4A52-47ED-8BC2-9F99D9D3ED2C}.Release|Any CPU.ActiveCfg = Release|Any CPU
		{C3C5CBD9-4A52-47ED-8BC2-9F99D9D3ED2C}.Release|Any CPU.Build.0 = Release|Any CPU
		{605DA8F0-97A6-4874-9BA6-1EDFEE443FE7}.Debug|Any CPU.ActiveCfg = Debug|Any CPU
		{605DA8F0-97A6-4874-9BA6-1EDFEE443FE7}.Debug|Any CPU.Build.0 = Debug|Any CPU
		{605DA8F0-97A6-4874-9BA6-1EDFEE443FE7}.Release|Any CPU.ActiveCfg = Release|Any CPU
		{605DA8F0-97A6-4874-9BA6-1EDFEE443FE7}.Release|Any CPU.Build.0 = Release|Any CPU
		{8757B0C7-EE2C-497A-9B36-07A5B44389E1}.Debug|Any CPU.ActiveCfg = Debug|Any CPU
		{8757B0C7-EE2C-497A-9B36-07A5B44389E1}.Debug|Any CPU.Build.0 = Debug|Any CPU
		{8757B0C7-EE2C-497A-9B36-07A5B44389E1}.Release|Any CPU.ActiveCfg = Release|Any CPU
		{8757B0C7-EE2C-497A-9B36-07A5B44389E1}.Release|Any CPU.Build.0 = Release|Any CPU
	EndGlobalSection
	GlobalSection(SolutionProperties) = preSolution
		HideSolutionNode = FALSE
	EndGlobalSection
	GlobalSection(ExtensibilityGlobals) = postSolution
		SolutionGuid = {14902688-22A9-4ECB-B7D5-EEA00748BB21}
	EndGlobalSection
EndGlobal
